lockfileVersion: 5.3

importers:

  .:
    specifiers:
      '@netless/window-manager': ^0.1.35
      '@sveltejs/vite-plugin-svelte': ^1.0.0-next.19
      '@types/node': ^16.7.1
      cross-env: ^7.0.3
      esbuild: ^0.12.22
      rimraf: ^3.0.2
      sass: ^1.38.1
      svelte: ^3.42.3
      typescript: ^4.3.5
      vite: ^2.5.1
      white-web-sdk: ^2.13.18
    devDependencies:
      '@netless/window-manager': 0.1.35_white-web-sdk@2.13.18
      '@sveltejs/vite-plugin-svelte': 1.0.0-next.19_svelte@3.42.3+vite@2.5.1
      '@types/node': 16.7.1
      cross-env: 7.0.3
      esbuild: 0.12.22
      rimraf: 3.0.2
      sass: 1.38.1
      svelte: 3.42.3
      typescript: 4.3.5
      vite: 2.5.1
      white-web-sdk: 2.13.18

  packages/app-docs-viewer:
    specifiers:
      '@netless/app-shared': workspace:*
      debounce-fn: ^5.0.0
      vanilla-lazyload: ^17.4.0
    dependencies:
      debounce-fn: 5.0.0
      vanilla-lazyload: 17.4.0
    devDependencies:
      '@netless/app-shared': link:../app-shared

  packages/app-hello-world:
    specifiers: {}

  packages/app-media-player:
    specifiers:
      plyr: ^3.6.8
    devDependencies:
      plyr: 3.6.8

  packages/app-shared:
    specifiers: {}

  packages/playground:
    specifiers: {}

packages:

  /@babel/runtime/7.15.3:
    resolution: {integrity: sha512-OvwMLqNXkCXSz1kSm58sEsNuhqOx/fKpnUnKnFB5v8uDda5bLNEHNgKPvhDN6IU0LDcnHQ90LlJ0Q6jnyBSIBA==}
    engines: {node: '>=6.9.0'}
    dependencies:
      regenerator-runtime: 0.13.9
    dev: true

  /@netless/app-docs-viewer/0.1.15:
    resolution: {integrity: sha512-GZuevbDpU4sIyhN8SNrXW247dJmp5OsI18tiHFEU12fXDixwamKqCA3TNiuWD6+C8GmEcs/NvGeAI/yDui9WrA==}
    dependencies:
      debounce-fn: 5.0.0
      vanilla-lazyload: 17.4.0
    dev: true

  /@netless/app-media-player/0.1.0-beta.4:
    resolution: {integrity: sha512-mwBrhITav9moFRS9lGmsWnLN1jBJhTjEfnQAVyLCjQvrzGGvZl+bakTSLhaazWvmdbo/V9YKoP0JlbytwAMHlg==}
    dev: true

  /@netless/canvas-polyfill/0.0.4:
    resolution: {integrity: sha512-7NzsJrba0R/mq/l10SkIZQwbrNVJyPxZYrjK6xL3Ts732iWAVuS2UB0u3s6iGeUVcqV39A679yva8APWRl4M0A==}
    dev: true

  /@netless/telebox-insider/0.1.13:
    resolution: {integrity: sha512-CzgejfkS+MKssokIFVDxHEwYY8+l1S0MXj2kqiFOmREm1FHWJsGSMvxNZ7h1wW5JDO/7PfFuPLiofbIMFYEvuQ==}
    dependencies:
      eventemitter3: 4.0.7
      stylefire: 7.0.3
    dev: true

  /@netless/window-manager/0.1.35_white-web-sdk@2.13.18:
    resolution: {integrity: sha512-u3DJ+YZ2Qbc57FXdnlMKkHGtNOKDnZX0AKK7j1eYGz8a7+Vui9WfVdzvEph2gE2tdj/X1KAQUZ+3XOpWde3aAw==}
    peerDependencies:
      react: '>=16'
      react-dom: '>=16'
      white-web-sdk: ^2.13.16
    dependencies:
      '@netless/app-docs-viewer': 0.1.15
      '@netless/app-media-player': 0.1.0-beta.4
      '@netless/telebox-insider': 0.1.13
      emittery: 0.9.2
      lodash-es: 4.17.21
      nanoid: 3.1.25
      video.js: 7.14.3
      white-web-sdk: 2.13.18
    dev: true

  /@netless/xml-js/1.6.15:
    resolution: {integrity: sha512-e0emMs7YtDB/ATUns1SJ61R9n9nfVvwwFodoc539Qt0ScksaCLCaFWgpEbLloj9sr60ry6Xd8QFHKULFIZB6zA==}
    hasBin: true
    dev: true

  /@popmotion/easing/1.0.2:
    resolution: {integrity: sha512-IkdW0TNmRnWTeWI7aGQIVDbKXPWHVEYdGgd5ZR4SH/Ty/61p63jCjrPxX1XrR7IGkl08bjhJROStD7j+RKgoIw==}
    dev: true

  /@popmotion/popcorn/0.4.4:
    resolution: {integrity: sha512-jYO/8319fKoNLMlY4ZJPiPu8Ea8occYwRZhxpaNn/kZsK4QG2E7XFlXZMJBsTWDw7I1i0uaqyC4zn1nwEezLzg==}
    dependencies:
      '@popmotion/easing': 1.0.2
      framesync: 4.1.0
      hey-listen: 1.0.8
      style-value-types: 3.2.0
      tslib: 1.14.1
    dev: true

  /@protobufjs/aspromise/1.1.2:
    resolution: {integrity: sha1-m4sMxmPWaafY9vXQiToU00jzD78=}
    dev: true

  /@protobufjs/base64/1.1.2:
    resolution: {integrity: sha512-AZkcAA5vnN/v4PDqKyMR5lx7hZttPDgClv83E//FMNhR2TMcLUhfRUBHCmSl0oi9zMgDDqRUJkSxO3wm85+XLg==}
    dev: true

  /@protobufjs/codegen/2.0.4:
    resolution: {integrity: sha512-YyFaikqM5sH0ziFZCN3xDC7zeGaB/d0IUb9CATugHWbd1FRFwWwt4ld4OYMPWu5a3Xe01mGAULCdqhMlPl29Jg==}
    dev: true

  /@protobufjs/eventemitter/1.1.0:
    resolution: {integrity: sha1-NVy8mLr61ZePntCV85diHx0Ga3A=}
    dev: true

  /@protobufjs/fetch/1.1.0:
    resolution: {integrity: sha1-upn7WYYUr2VwDBYZ/wbUVLDYTEU=}
    dependencies:
      '@protobufjs/aspromise': 1.1.2
      '@protobufjs/inquire': 1.1.0
    dev: true

  /@protobufjs/float/1.0.2:
    resolution: {integrity: sha1-Xp4avctz/Ap8uLKR33jIy9l7h9E=}
    dev: true

  /@protobufjs/inquire/1.1.0:
    resolution: {integrity: sha1-/yAOPnzyQp4tyvwRQIKOjMY48Ik=}
    dev: true

  /@protobufjs/path/1.1.2:
    resolution: {integrity: sha1-bMKyDFya1q0NzP0hynZz2Nf79o0=}
    dev: true

  /@protobufjs/pool/1.1.0:
    resolution: {integrity: sha1-Cf0V8tbTq/qbZbw2ZQbWrXhG/1Q=}
    dev: true

  /@protobufjs/utf8/1.1.0:
    resolution: {integrity: sha1-p3c2C1s5oaLlEG+OhY8v0tBgxXA=}
    dev: true

  /@rollup/pluginutils/4.1.1:
    resolution: {integrity: sha512-clDjivHqWGXi7u+0d2r2sBi4Ie6VLEAzWMIkvJLnDmxoOhBYOTfzGbOQBA32THHm11/LiJbd01tJUpJsbshSWQ==}
    engines: {node: '>= 8.0.0'}
    dependencies:
      estree-walker: 2.0.2
      picomatch: 2.3.0
    dev: true

  /@sveltejs/vite-plugin-svelte/1.0.0-next.19_svelte@3.42.3+vite@2.5.1:
    resolution: {integrity: sha512-q9hHkMzodScwDq64pNaWhekpj97vWg3wO9T0rqd8bC2EsrBQs2uD1qMJvDqlNd63AbO2uSJMGo+TQ0Xt2xgyYg==}
    engines: {node: ^12.20 || ^14.13.1 || >= 16}
    peerDependencies:
      diff-match-patch: ^1.0.5
      svelte: ^3.34.0
      vite: ^2.3.7
    peerDependenciesMeta:
      diff-match-patch:
        optional: true
    dependencies:
      '@rollup/pluginutils': 4.1.1
      debug: 4.3.2
      kleur: 4.1.4
      magic-string: 0.25.7
      require-relative: 0.8.7
      svelte: 3.42.3
      svelte-hmr: 0.14.7_svelte@3.42.3
      vite: 2.5.1
    transitivePeerDependencies:
      - supports-color
    dev: true

  /@types/long/4.0.1:
    resolution: {integrity: sha512-5tXH6Bx/kNGd3MgffdmP4dy2Z+G4eaXw0SE81Tq3BNadtnMR5/ySMzX4SLEzHJzSmPNn4HIdpQsBvXMUykr58w==}
    dev: true

  /@types/node/16.7.1:
    resolution: {integrity: sha512-ncRdc45SoYJ2H4eWU9ReDfp3vtFqDYhjOsKlFFUDEn8V1Bgr2RjYal8YT5byfadWIRluhPFU6JiDOl0H6Sl87A==}
    dev: true

  /@videojs/http-streaming/2.9.2:
    resolution: {integrity: sha512-2ZsxJn4/nZZ6k6jIhic2l9ynGmKwprtuI5b3+M6JgqOSLvQQ/ah+heVs/0g2Ze7qJxodqR+aSY948JwJIz1gCw==}
    engines: {node: '>=8', npm: '>=5'}
    dependencies:
      '@babel/runtime': 7.15.3
      '@videojs/vhs-utils': 3.0.3
      aes-decrypter: 3.1.2
      global: 4.4.0
      m3u8-parser: 4.7.0
      mpd-parser: 0.17.0
      mux.js: 5.12.2
      video.js: 7.14.3
    dev: true

  /@videojs/vhs-utils/3.0.3:
    resolution: {integrity: sha512-bU7daxDHhzcTDbmty1cXjzsTYvx2cBGbA8hG5H2Gvpuk4sdfuvkZtMCwtCqL59p6dsleMPspyaNS+7tWXx2Y0A==}
    engines: {node: '>=8', npm: '>=5'}
    dependencies:
      '@babel/runtime': 7.15.3
      global: 4.4.0
      url-toolkit: 2.2.3
    dev: true

  /@videojs/xhr/2.5.1:
    resolution: {integrity: sha512-wV9nGESHseSK+S9ePEru2+OJZ1jq/ZbbzniGQ4weAmTIepuBMSYPx5zrxxQA0E786T5ykpO8ts+LayV+3/oI2w==}
    dependencies:
      '@babel/runtime': 7.15.3
      global: 4.4.0
      is-function: 1.0.2
    dev: true

  /aes-decrypter/3.1.2:
    resolution: {integrity: sha512-42nRwfQuPRj9R1zqZBdoxnaAmnIFyDi0MNyTVhjdFOd8fifXKKRfwIHIZ6AMn1or4x5WONzjwRTbTWcsIQ0O4A==}
    dependencies:
      '@babel/runtime': 7.15.3
      '@videojs/vhs-utils': 3.0.3
      global: 4.4.0
      pkcs7: 1.0.4
    dev: true

  /anymatch/3.1.2:
    resolution: {integrity: sha512-P43ePfOAIupkguHUycrc4qJ9kz8ZiuOUijaETwX7THt0Y/GNK7v0aa8rY816xWjZ7rJdA5XdMcpVFTKMq+RvWg==}
    engines: {node: '>= 8'}
    dependencies:
      normalize-path: 3.0.0
      picomatch: 2.3.0
    dev: true

  /atob/2.1.2:
    resolution: {integrity: sha512-Wm6ukoaOGJi/73p/cl2GvLjTI5JM1k/O14isD73YML8StrH/7/lRFgmg8nICZgD3bZZvjwCGxtMOD3wWNAu8cg==}
    engines: {node: '>= 4.5.0'}
    hasBin: true
    dev: true

  /balanced-match/1.0.2:
    resolution: {integrity: sha512-3oSeUO0TMV67hN1AmbXsK4yaqU7tjiHlbxRDZOpH0KW9+CeX4bRAaX0Anxt0tx2MrpRpWwQaPwIlISEJhYU5Pw==}
    dev: true

  /bezier-js/2.6.1:
    resolution: {integrity: sha512-jelZM33eNzcZ9snJ/5HqJLw3IzXvA8RFcBjkdOB8SDYyOvW8Y2tTosojAiBTnD1MhbHoWUYNbxUXxBl61TxbRg==}
    dev: true

  /binary-extensions/2.2.0:
    resolution: {integrity: sha512-jDctJ/IVQbZoJykoeHbhXpOlNBqGNcwXJKJog42E5HDPUwQTSdjCHdihjj0DlnheQ7blbT6dHOafNAiS8ooQKA==}
    engines: {node: '>=8'}
    dev: true

  /brace-expansion/1.1.11:
    resolution: {integrity: sha512-iCuPHDFgrHX7H2vEI/5xpz07zSHB00TpugqhmYtVmMO6518mCuRMoOYFldEBl0g187ufozdaHgWKcYFb61qGiA==}
    dependencies:
      balanced-match: 1.0.2
      concat-map: 0.0.1
    dev: true

  /braces/3.0.2:
    resolution: {integrity: sha512-b8um+L1RzM3WDSzvhm6gIz1yfTbBt6YTlcEKAvsmqCZZFw46z626lVj9j1yEPW33H5H+lBQpZMP1k8l+78Ha0A==}
    engines: {node: '>=8'}
    dependencies:
      fill-range: 7.0.1
    dev: true

  /chokidar/3.5.2:
    resolution: {integrity: sha512-ekGhOnNVPgT77r4K/U3GDhu+FQ2S8TnK/s2KbIGXi0SZWuwkZ2QNyfWdZW+TVfn84DpEP7rLeCt2UI6bJ8GwbQ==}
    engines: {node: '>= 8.10.0'}
    dependencies:
      anymatch: 3.1.2
      braces: 3.0.2
      glob-parent: 5.1.2
      is-binary-path: 2.1.0
      is-glob: 4.0.1
      normalize-path: 3.0.0
      readdirp: 3.6.0
    optionalDependencies:
      fsevents: 2.3.2
    dev: true

  /color-convert/1.9.3:
    resolution: {integrity: sha512-QfAUtd+vFdAtFQcC8CCyYt1fYWxSqAiK2cSD6zDB8N3cpsEBAvRxp9zOGg6G/SHHJYAT88/az/IuDGALsNVbGg==}
    dependencies:
      color-name: 1.1.3
    dev: true

  /color-name/1.1.3:
    resolution: {integrity: sha1-p9BVi9icQveV3UIyj3QIMcpTvCU=}
    dev: true

  /color-name/1.1.4:
    resolution: {integrity: sha512-dOy+3AuW3a2wNbZHIuMZpTcgjGuLU/uBL/ubcZF9OXbDo8ff4O8yVp5Bf0efS8uEoYo5q4Fx7dY9OgQGXgAsQA==}
    dev: true

  /color-string/1.6.0:
    resolution: {integrity: sha512-c/hGS+kRWJutUBEngKKmk4iH3sD59MBkoxVapS/0wgpCz2u7XsNloxknyvBhzwEs1IbV36D9PwqLPJ2DTu3vMA==}
    dependencies:
      color-name: 1.1.4
      simple-swizzle: 0.2.2
    dev: true

  /color/3.2.1:
    resolution: {integrity: sha512-aBl7dZI9ENN6fUGC7mWpMTPNHmWUSNan9tuWN6ahh5ZLNk9baLJOnSMlrQkHcrfFgz2/RigjUVAjdx36VcemKA==}
    dependencies:
      color-convert: 1.9.3
      color-string: 1.6.0
    dev: true

  /colorette/1.3.0:
    resolution: {integrity: sha512-ecORCqbSFP7Wm8Y6lyqMJjexBQqXSF7SSeaTyGGphogUjBlFP9m9o08wy86HL2uB7fMTxtOUzLMk7ogKcxMg1w==}
    dev: true

  /complex.js/2.0.15:
    resolution: {integrity: sha512-gDBvQU8IG139ZBQTSo2qvDFP+lANMGluM779csXOr6ny1NUtA3wkUnCFjlDNH/moAVfXtvClYt6G0zarFbtz5w==}
    dev: true

  /concat-map/0.0.1:
    resolution: {integrity: sha1-2Klr13/Wjfd5OnMDajug1UBdR3s=}
    dev: true

  /core-js/3.16.2:
    resolution: {integrity: sha512-P0KPukO6OjMpjBtHSceAZEWlDD1M2Cpzpg6dBbrjFqFhBHe/BwhxaP820xKOjRn/lZRQirrCusIpLS/n2sgXLQ==}
    requiresBuild: true
    dev: true

  /cross-env/7.0.3:
    resolution: {integrity: sha512-+/HKd6EgcQCJGh2PSjZuUitQBQynKor4wrFbRg4DtAgS1aWO+gU52xpH7M9ScGgXSYmAVS9bIJ8EzuaGw0oNAw==}
    engines: {node: '>=10.14', npm: '>=6', yarn: '>=1'}
    hasBin: true
    dependencies:
      cross-spawn: 7.0.3
    dev: true

  /cross-spawn/7.0.3:
    resolution: {integrity: sha512-iRDPJKUPVEND7dHPO8rkbOnPpyDygcDFtWjpeWNCgy8WP2rXcxXL8TskReQl6OrB2G7+UJrags1q15Fudc7G6w==}
    engines: {node: '>= 8'}
    dependencies:
      path-key: 3.1.1
      shebang-command: 2.0.0
      which: 2.0.2
    dev: true

  /custom-event-polyfill/1.0.7:
    resolution: {integrity: sha512-TDDkd5DkaZxZFM8p+1I3yAlvM3rSr1wbrOliG4yJiwinMZN8z/iGL7BTlDkrJcYTmgUSb4ywVCc3ZaUtOtC76w==}
    dev: true

  /debounce-fn/5.0.0:
    resolution: {integrity: sha512-y0u25m4GMdDJ1oHX4ziszas15E4ryNoeFkQuZM/Z6yTy8jB8ity/jqSNWnQUi/csBBaQIad6Zd8eI1xKwtbFzw==}
    engines: {node: '>=12'}
    dependencies:
      mimic-fn: 3.1.0

  /debug/4.3.2:
    resolution: {integrity: sha512-mOp8wKcvj7XxC78zLgw/ZA+6TSgkoE2C/ienthhRD298T7UNwAg9diBpLRxC0mOezLl4B0xV7M0cCO6P/O0Xhw==}
    engines: {node: '>=6.0'}
    peerDependencies:
      supports-color: '*'
    peerDependenciesMeta:
      supports-color:
        optional: true
    dependencies:
      ms: 2.1.2
    dev: true

  /decimal.js/10.3.1:
    resolution: {integrity: sha512-V0pfhfr8suzyPGOx3nmq4aHqabehUZn6Ch9kyFpV79TGDTWFmHqUqXdabR7QHqxzrYolF4+tVmJhUG4OURg5dQ==}
    dev: true

  /decode-uri-component/0.2.0:
    resolution: {integrity: sha1-6zkTMzRYd1y4TNGh+uBiEGu4dUU=}
    engines: {node: '>=0.10'}
    dev: true

  /detect-hover/1.0.3:
    resolution: {integrity: sha512-HtLoY+tClgYucJNiovNICGWFp9nOGVmHY44s7L62iPqORXM9vujeWFaVcqtA7XRvp/2Y+4RBUfHbDKFGN+xxZQ==}
    dev: true

  /detect-it/3.0.7:
    resolution: {integrity: sha512-RxpgcdbatUX6epJE09K16iJqF7x6iEcEdoL18FR2zpBO4JhnL7aMOAUoUEyexdtbWOSfTmoDWmeD6mwRBQyRXg==}
    dependencies:
      detect-hover: 1.0.3
      detect-passive-events: 1.0.5
      detect-pointer: 1.0.3
      detect-touch-events: 2.0.2
    dev: true

  /detect-passive-events/1.0.5:
    resolution: {integrity: sha512-foW7Q35wwOCxVzW0xLf5XeB5Fhe7oyRgvkBYdiP9IWgLMzjqUqTvsJv9ymuEWGjY6AoDXD3OC294+Z9iuOw0QA==}
    dev: true

  /detect-pointer/1.0.3:
    resolution: {integrity: sha512-d0o/Puo3fiGSCXy6H039h9Kwz+mmYCGKZ/qtPFnpN3WfsumjC1C9b5KKvRu+aYnfdI8peqN/iAe7dPd85qIt2g==}
    dev: true

  /detect-touch-events/2.0.2:
    resolution: {integrity: sha512-g8GWBkJLiIDRJfRXEdrd1wMXpNyGId2DkbfuwFahSb4OCvn717hyRJtAcEDISfp3zkwEhZ4Y4woHPA6DeyB3Fw==}
    dev: true

  /dom-walk/0.1.2:
    resolution: {integrity: sha512-6QvTW9mrGeIegrFXdtQi9pk7O/nSK6lSdXW2eqUspN5LWD7UTji2Fqw5V2YLjBpHEoU9Xl/eUWNpDeZvoyOv2w==}
    dev: true

  /emittery/0.9.2:
    resolution: {integrity: sha512-sweWHu3j4dQm+NjLPu17pv+m5lCeK7g4Ov0NgfbRUEyzLc59DYDeRYXqlxEvuolaToI0VR3ThjFAghzl7Acjfw==}
    engines: {node: '>=12'}
    dev: true

  /esbuild/0.12.22:
    resolution: {integrity: sha512-yWCr9RoFehpqoe/+MwZXJpYOEIt7KOEvNnjIeMZpMSyQt+KCBASM3y7yViiN5dJRphf1wGdUz1+M4rTtWd/ulA==}
    hasBin: true
    requiresBuild: true
    dev: true

  /escape-latex/1.2.0:
    resolution: {integrity: sha512-nV5aVWW1K0wEiUIEdZ4erkGGH8mDxGyxSeqPzRNtWP7ataw+/olFObw7hujFWlVjNsaDFw5VZ5NzVSIqRgfTiw==}
    dev: true

  /estree-walker/2.0.2:
    resolution: {integrity: sha512-Rfkk/Mp/DL7JVje3u18FxFujQlTNR2q6QfMSMB7AvCBx91NGj/ba3kCfza0f6dVDbw7YlRf/nDrn7pQrCCyQ/w==}
    dev: true

  /eventemitter3/4.0.7:
    resolution: {integrity: sha512-8guHBZCwKnFhYdHr2ysuRWErTwhoN2X8XELRlrRwpmfeY2jjuUN4taQMsULKUVo1K4DvZl+0pgfyoysHxvmvEw==}
    dev: true

  /fill-range/7.0.1:
    resolution: {integrity: sha512-qOo9F+dMUmC2Lcb4BbVvnKJxTPjCm+RRpe4gDuGrzkL7mEVl/djYSu2OdQ2Pa302N4oqkSg9ir6jaLWJ2USVpQ==}
    engines: {node: '>=8'}
    dependencies:
      to-regex-range: 5.0.1
    dev: true

  /fraction.js/4.1.1:
    resolution: {integrity: sha512-MHOhvvxHTfRFpF1geTK9czMIZ6xclsEor2wkIGYYq+PxcQqT7vStJqjhe6S1TenZrMZzo+wlqOufBDVepUEgPg==}
    dev: true

  /framesync/4.1.0:
    resolution: {integrity: sha512-MmgZ4wCoeVxNbx2xp5hN/zPDCbLSKiDt4BbbslK7j/pM2lg5S0vhTNv1v8BCVb99JPIo6hXBFdwzU7Q4qcAaoQ==}
    dependencies:
      hey-listen: 1.0.8
    dev: true

  /fs.realpath/1.0.0:
    resolution: {integrity: sha1-FQStJSMVjKpA20onh8sBQRmU6k8=}
    dev: true

  /fsevents/2.3.2:
    resolution: {integrity: sha512-xiqMQR4xAeHTuB9uWm+fFRcIOgKBMiOBP+eXiyT7jsgVCq1bkVygt00oASowB7EdtpOHaaPgKt812P9ab+DDKA==}
    engines: {node: ^8.16.0 || ^10.6.0 || >=11.0.0}
    os: [darwin]
    requiresBuild: true
    dev: true
    optional: true

  /function-bind/1.1.1:
    resolution: {integrity: sha512-yIovAzMX49sF8Yl58fSCWJ5svSLuaibPxXQJFLmBObTuCr0Mf1KiPopGM9NiFjiYBCbfaa2Fh6breQ6ANVTI0A==}
    dev: true

  /glob-parent/5.1.2:
    resolution: {integrity: sha512-AOIgSQCepiJYwP3ARnGx+5VnTu2HBYdzbGP45eLw1vr3zB3vZLeyed1sC9hnbcOc9/SrMyM5RPQrkGz4aS9Zow==}
    engines: {node: '>= 6'}
    dependencies:
      is-glob: 4.0.1
    dev: true

  /glob/7.1.7:
    resolution: {integrity: sha512-OvD9ENzPLbegENnYP5UUfJIirTg4+XwMWGaQfQTY0JenxNvvIKP3U3/tAQSPIu/lHxXYSZmpXlUHeqAIdKzBLQ==}
    dependencies:
      fs.realpath: 1.0.0
      inflight: 1.0.6
      inherits: 2.0.4
      minimatch: 3.0.4
      once: 1.4.0
      path-is-absolute: 1.0.1
    dev: true

  /global/4.4.0:
    resolution: {integrity: sha512-wv/LAoHdRE3BeTGz53FAamhGlPLhlssK45usmGFThIi4XqnBmjKQ16u+RNbP7WvigRZDxUsM0J3gcQ5yicaL0w==}
    dependencies:
      min-document: 2.19.0
      process: 0.11.10
    dev: true

  /has/1.0.3:
    resolution: {integrity: sha512-f2dvO0VU6Oej7RkWJGrehjbzMAjFp5/VKPp5tTpWIV4JHHZK1/BxbFRtf/siA2SWTe09caDmVtYYzWEIbBS4zw==}
    engines: {node: '>= 0.4.0'}
    dependencies:
      function-bind: 1.1.1
    dev: true

  /hey-listen/1.0.8:
    resolution: {integrity: sha512-COpmrF2NOg4TBWUJ5UVyaCU2A88wEMkUPK4hNqyCkqHbxT92BbvfjoSozkAIIm6XhicGlJHhFdullInrdhwU8Q==}
    dev: true

  /hoist-non-react-statics/3.3.2:
    resolution: {integrity: sha512-/gGivxi8JPKWNm/W0jSmzcMPpfpPLc3dY/6GxhX2hQ9iGj3aDfklV4ET7NjKpSinLpJ5vafa9iiGIEZg10SfBw==}
    dependencies:
      react-is: 16.13.1
    dev: true

  /individual/2.0.0:
    resolution: {integrity: sha1-gzsJfa0jKU52EXqY+zjg2a1hu5c=}
    dev: true

  /inflight/1.0.6:
    resolution: {integrity: sha1-Sb1jMdfQLQwJvJEKEHW6gWW1bfk=}
    dependencies:
      once: 1.4.0
      wrappy: 1.0.2
    dev: true

  /inherits/2.0.4:
    resolution: {integrity: sha512-k/vGaX4/Yla3WzyMCvTQOXYeIHvqOKtnqBduzTHpzpQZzAskKMhZ2K+EnBiSM9zGSoIFeMpXKxa4dYeZIQqewQ==}
    dev: true

  /is-arrayish/0.3.2:
    resolution: {integrity: sha512-eVRqCvVlZbuw3GrM63ovNSNAeA1K16kaR/LRY/92w0zxQ5/1YzwblUX652i4Xs9RwAGjW9d9y6X88t8OaAJfWQ==}
    dev: true

  /is-binary-path/2.1.0:
    resolution: {integrity: sha512-ZMERYes6pDydyuGidse7OsHxtbI7WVeUEozgR/g7rd0xUimYNlvZRE/K2MgZTjWy725IfelLeVcEM97mmtRGXw==}
    engines: {node: '>=8'}
    dependencies:
      binary-extensions: 2.2.0
    dev: true

  /is-core-module/2.6.0:
    resolution: {integrity: sha512-wShG8vs60jKfPWpF2KZRaAtvt3a20OAn7+IJ6hLPECpSABLcKtFKTTI4ZtH5QcBruBHlq+WsdHWyz0BCZW7svQ==}
    dependencies:
      has: 1.0.3
    dev: true

  /is-extglob/2.1.1:
    resolution: {integrity: sha1-qIwCU1eR8C7TfHahueqXc8gz+MI=}
    engines: {node: '>=0.10.0'}
    dev: true

  /is-function/1.0.2:
    resolution: {integrity: sha512-lw7DUp0aWXYg+CBCN+JKkcE0Q2RayZnSvnZBlwgxHBQhqt5pZNVy4Ri7H9GmmXkdu7LUthszM+Tor1u/2iBcpQ==}
    dev: true

  /is-glob/4.0.1:
    resolution: {integrity: sha512-5G0tKtBTFImOqDnLB2hG6Bp2qcKEFduo4tZu9MT/H6NQv/ghhy30o55ufafxJ/LdH79LLs2Kfrn85TLKyA7BUg==}
    engines: {node: '>=0.10.0'}
    dependencies:
      is-extglob: 2.1.1
    dev: true

  /is-number/7.0.0:
    resolution: {integrity: sha512-41Cifkg6e8TylSpdtTpeLVMqvSBEVzTttHvERD741+pnZ8ANv0004MRL43QKPDlK9cGvNp6NZWZUBlbGXYxxng==}
    engines: {node: '>=0.12.0'}
    dev: true

  /isexe/2.0.0:
    resolution: {integrity: sha1-6PvzdNxVb/iUehDcsFctYz8s+hA=}
    dev: true

  /javascript-natural-sort/0.7.1:
    resolution: {integrity: sha1-+eIwPUUH9tdDVac2ZNFED7Wg71k=}
    dev: true

  /js-tokens/4.0.0:
    resolution: {integrity: sha512-RdJUflcE3cUzKiMqQgsCu06FPu9UdIJO0beYbPhHN4k6apgJtifcoCtT9bcxOpYBtpD2kCM6Sbzg4CausW/PKQ==}
    dev: true

  /keycode/2.2.0:
    resolution: {integrity: sha1-PQr1bce4uOXLqNCpfxByBO7CKwQ=}
    dev: true

  /kleur/4.1.4:
    resolution: {integrity: sha512-8QADVssbrFjivHWQU7KkMgptGTl6WAcSdlbBPY4uNF+mWr6DGcKrvY2w4FQJoXch7+fKMjj0dRrL75vk3k23OA==}
    engines: {node: '>=6'}
    dev: true

  /loadjs/4.2.0:
    resolution: {integrity: sha512-AgQGZisAlTPbTEzrHPb6q+NYBMD+DP9uvGSIjSUM5uG+0jG15cb8axWpxuOIqrmQjn6scaaH8JwloiP27b2KXA==}
    dev: true

  /lodash-es/4.17.21:
    resolution: {integrity: sha512-mKnC+QJ9pWVzv+C4/U3rRsHapFfHvQFoFB92e52xeyGMcX6/OlIl78je1u8vePzYZSkkogMPJ2yjxxsb89cxyw==}
    dev: true

  /long/4.0.0:
    resolution: {integrity: sha512-XsP+KhQif4bjX1kbuSiySJFNAehNxgLb6hPRGJ9QsUr8ajHkuXGdrHmFUTUUXhDwVX2R5bY4JNZEwbUiMhV+MA==}
    dev: true

  /loose-envify/1.4.0:
    resolution: {integrity: sha512-lyuxPGr/Wfhrlem2CL/UcnUc1zcqKAImBDzukY7Y5F/yQiNdko6+fRLevlw1HgMySw7f611UIY408EtxRSoK3Q==}
    hasBin: true
    dependencies:
      js-tokens: 4.0.0
    dev: true

  /m3u8-parser/4.7.0:
    resolution: {integrity: sha512-48l/OwRyjBm+QhNNigEEcRcgbRvnUjL7rxs597HmW9QSNbyNvt+RcZ9T/d9vxi9A9z7EZrB1POtZYhdRlwYQkQ==}
    dependencies:
      '@babel/runtime': 7.15.3
      '@videojs/vhs-utils': 3.0.3
      global: 4.4.0
    dev: true

  /magic-string/0.25.7:
    resolution: {integrity: sha512-4CrMT5DOHTDk4HYDlzmwu4FVCcIYI8gauveasrdCu2IKIFOJ3f0v/8MDGJCDL9oD2ppz/Av1b0Nj345H9M+XIA==}
    dependencies:
      sourcemap-codec: 1.4.8
    dev: true

  /mathjs/6.6.5:
    resolution: {integrity: sha512-jvRqk7eoEHBcx/lskmy05m+8M7xDHAJcJzRJoqIsqExtlTHPDQO0Zv85g5F0rasDAXF+DLog/70hcqCJijSzPQ==}
    engines: {node: '>= 8'}
    hasBin: true
    dependencies:
      complex.js: 2.0.15
      decimal.js: 10.3.1
      escape-latex: 1.2.0
      fraction.js: 4.1.1
      javascript-natural-sort: 0.7.1
      seed-random: 2.2.0
      tiny-emitter: 2.1.0
      typed-function: 1.1.1
    dev: true

  /mimic-fn/3.1.0:
    resolution: {integrity: sha512-Ysbi9uYW9hFyfrThdDEQuykN4Ey6BuwPD2kpI5ES/nFTDn/98yxYNLZJcgUAKPT/mcrLLKaGzJR9YVxJrIdASQ==}
    engines: {node: '>=8'}

  /min-document/2.19.0:
    resolution: {integrity: sha1-e9KC4/WELtKVu3SM3Z8f+iyCRoU=}
    dependencies:
      dom-walk: 0.1.2
    dev: true

  /minimatch/3.0.4:
    resolution: {integrity: sha512-yJHVQEhyqPLUTgt9B83PXu6W3rx4MvvHvSUvToogpwoGDOUQ+yDrR0HRot+yOCdCO7u4hX3pWft6kWBBcqh0UA==}
    dependencies:
      brace-expansion: 1.1.11
    dev: true

  /mobx-react/5.4.4_mobx@4.15.7+react@16.14.0:
    resolution: {integrity: sha512-2mTzpyEjVB/RGk2i6KbcmP4HWcAUFox5ZRCrGvSyz49w20I4C4qql63grPpYrS9E9GKwgydBHQlA4y665LuRCQ==}
    peerDependencies:
      mobx: ^4.0.0 || ^5.0.0
      react: ^0.13.0 || ^0.14.0 || ^15.0.0 || ^16.0.0
    dependencies:
      hoist-non-react-statics: 3.3.2
      mobx: 4.15.7
      react: 16.14.0
      react-lifecycles-compat: 3.0.4
    dev: true

  /mobx/4.15.7:
    resolution: {integrity: sha512-X4uQvuf2zYKHVO5kRT5Utmr+J9fDnRgxWWnSqJ4oiccPTQU38YG+/O3nPmOhUy4jeHexl7XJJpWDBgEnEfp+8w==}
    dev: true

  /mpd-parser/0.17.0:
    resolution: {integrity: sha512-oKS5G0jCcHHJ3sHYlcLeM9Xcbuixl08eAx7QW0Th7ChlZiI0YvLtGaHE/L0aKUBJFNvtkeksIr8XgJgSBBsS4g==}
    hasBin: true
    dependencies:
      '@babel/runtime': 7.15.3
      '@videojs/vhs-utils': 3.0.3
      global: 4.4.0
      xmldom: 0.5.0
    dev: true

  /ms/2.1.2:
    resolution: {integrity: sha512-sGkPx+VjMtmA6MX27oA4FBFELFCZZ4S4XqeGOXCv68tT+jb3vk/RyaKWP0PTKyWtmLSM0b+adUTEvbs1PEaH2w==}
    dev: true

  /mux.js/5.12.2:
    resolution: {integrity: sha512-9OY1lrFIo7FxMeIC6aLUftiNv97AztufDfi30N7qDll1Pcy7bCxlHztyHp1Ce0KQwy2XqchGeENPS4v1NJngHQ==}
    engines: {node: '>=8', npm: '>=5'}
    hasBin: true
    dependencies:
      '@babel/runtime': 7.15.3
    dev: true

  /nanoid/3.1.25:
    resolution: {integrity: sha512-rdwtIXaXCLFAQbnfqDRnI6jaRHp9fTcYBjtFKE8eezcZ7LuLjhUaQGNeMXf1HmRoCH32CLz6XwX0TtxEOS/A3Q==}
    engines: {node: ^10 || ^12 || ^13.7 || ^14 || >=15.0.1}
    hasBin: true
    dev: true

  /normalize-path/3.0.0:
    resolution: {integrity: sha512-6eZs5Ls3WtCisHWp9S2GUy8dqkpGi4BVSz3GaqiE6ezub0512ESztXUwUB6C6IKbQkY2Pnb/mD4WYojCRwcwLA==}
    engines: {node: '>=0.10.0'}
    dev: true

  /numeric/1.2.6:
    resolution: {integrity: sha1-dlsCvvl5iPz4gNTrPza4D6MTNao=}
    dev: true

  /object-assign/4.1.1:
    resolution: {integrity: sha1-IQmtx5ZYh8/AXLvUQsrIv7s2CGM=}
    engines: {node: '>=0.10.0'}
    dev: true

  /once/1.4.0:
    resolution: {integrity: sha1-WDsap3WWHUsROsF9nFC6753Xa9E=}
    dependencies:
      wrappy: 1.0.2
    dev: true

  /path-is-absolute/1.0.1:
    resolution: {integrity: sha1-F0uSaHNVNP+8es5r9TpanhtcX18=}
    engines: {node: '>=0.10.0'}
    dev: true

  /path-key/3.1.1:
    resolution: {integrity: sha512-ojmeN0qd+y0jszEtoY48r0Peq5dwMEkIlCOu6Q5f41lfkswXuKtYrhgoTpLnyIcHm24Uhqx+5Tqm2InSwLhE6Q==}
    engines: {node: '>=8'}
    dev: true

  /path-parse/1.0.7:
    resolution: {integrity: sha512-LDJzPVEEEPR+y48z93A0Ed0yXb8pAByGWo/k5YYdYgpY2/2EsOsksJrq7lOHxryrVOn1ejG6oAp8ahvOIQD8sw==}
    dev: true

  /picomatch/2.3.0:
    resolution: {integrity: sha512-lY1Q/PiJGC2zOv/z391WOTD+Z02bCgsFfvxoXXf6h7kv9o+WmsmzYqrAwY63sNgOxE4xEdq0WyUnXfKeBrSvYw==}
    engines: {node: '>=8.6'}
    dev: true

  /pkcs7/1.0.4:
    resolution: {integrity: sha512-afRERtHn54AlwaF2/+LFszyAANTCggGilmcmILUzEjvs3XgFZT+xE6+QWQcAGmu4xajy+Xtj7acLOPdx5/eXWQ==}
    hasBin: true
    dependencies:
      '@babel/runtime': 7.15.3
    dev: true

  /plyr/3.6.8:
    resolution: {integrity: sha512-Iu9KKsH+/HH6PBGAag57KswjXRXyJ9TeMlcMiwLCGC9foqSIb+crPi6wTmyFr9AFmTr8QZuFrYEL+SlnXT+vBw==}
    dependencies:
      core-js: 3.16.2
      custom-event-polyfill: 1.0.7
      loadjs: 4.2.0
      rangetouch: 2.0.1
      url-polyfill: 1.1.12
    dev: true

  /postcss/8.3.6:
    resolution: {integrity: sha512-wG1cc/JhRgdqB6WHEuyLTedf3KIRuD0hG6ldkFEZNCjRxiC+3i6kkWUUbiJQayP28iwG35cEmAbe98585BYV0A==}
    engines: {node: ^10 || ^12 || >=14}
    dependencies:
      colorette: 1.3.0
      nanoid: 3.1.25
      source-map-js: 0.6.2
    dev: true

  /process/0.11.10:
    resolution: {integrity: sha1-czIwDoQBYb2j5podHZGn1LwW8YI=}
    engines: {node: '>= 0.6.0'}
    dev: true

  /prop-types/15.7.2:
    resolution: {integrity: sha512-8QQikdH7//R2vurIJSutZ1smHYTcLpRWEOlHnzcWHmBYrOGUysKwSsrC89BCiFj3CbrfJ/nXFdJepOVrY1GCHQ==}
    dependencies:
      loose-envify: 1.4.0
      object-assign: 4.1.1
      react-is: 16.13.1
    dev: true

  /protobufjs/6.11.2:
    resolution: {integrity: sha512-4BQJoPooKJl2G9j3XftkIXjoC9C0Av2NOrWmbLWT1vH32GcSUHjM0Arra6UfTsVyfMAuFzaLucXn1sadxJydAw==}
    hasBin: true
    requiresBuild: true
    dependencies:
      '@protobufjs/aspromise': 1.1.2
      '@protobufjs/base64': 1.1.2
      '@protobufjs/codegen': 2.0.4
      '@protobufjs/eventemitter': 1.1.0
      '@protobufjs/fetch': 1.1.0
      '@protobufjs/float': 1.0.2
      '@protobufjs/inquire': 1.1.0
      '@protobufjs/path': 1.1.2
      '@protobufjs/pool': 1.1.0
      '@protobufjs/utf8': 1.1.0
      '@types/long': 4.0.1
      '@types/node': 16.7.1
      long: 4.0.0
    dev: true

  /query-string/5.1.1:
    resolution: {integrity: sha512-gjWOsm2SoGlgLEdAGt7a6slVOk9mGiXmPFMqrEhLQ68rhQuBnpfs3+EmlvqKyxnCo9/PPlF+9MtY02S1aFg+Jw==}
    engines: {node: '>=0.10.0'}
    dependencies:
      decode-uri-component: 0.2.0
      object-assign: 4.1.1
      strict-uri-encode: 1.1.0
    dev: true

  /querystringify/2.2.0:
    resolution: {integrity: sha512-FIqgj2EUvTa7R50u0rGsyTftzjYmv/a3hO345bZNrqabNqjtgiDMgmo4mkUjd+nzU5oF3dClKqFIPUKybUyqoQ==}
    dev: true

  /rangetouch/2.0.1:
    resolution: {integrity: sha512-sln+pNSc8NGaHoLzwNBssFSf/rSYkqeBXzX1AtJlkJiUaVSJSbRAWJk+4omsXkN+EJalzkZhWQ3th1m0FpR5xA==}
    dev: true

  /react-dom/16.14.0_react@16.14.0:
    resolution: {integrity: sha512-1gCeQXDLoIqMgqD3IO2Ah9bnf0w9kzhwN5q4FGnHZ67hBm9yePzB5JJAIQCc8x3pFnNlwFq4RidZggNAAkzWWw==}
    peerDependencies:
      react: ^16.14.0
    dependencies:
      loose-envify: 1.4.0
      object-assign: 4.1.1
      prop-types: 15.7.2
      react: 16.14.0
      scheduler: 0.19.1
    dev: true

  /react-is/16.13.1:
    resolution: {integrity: sha512-24e6ynE2H+OKt4kqsOvNd8kBpV65zoxbA4BVsEOB3ARVWQki/DHzaUoC5KuON/BiccDaCCTZBuOcfZs70kR8bQ==}
    dev: true

  /react-lifecycles-compat/3.0.4:
    resolution: {integrity: sha512-fBASbA6LnOU9dOU2eW7aQ8xmYBSXUIWr+UmF9b1efZBazGNO+rcXT/icdKnYm2pTwcRylVUYwW7H1PHfLekVzA==}
    dev: true

  /react/16.14.0:
    resolution: {integrity: sha512-0X2CImDkJGApiAlcf0ODKIneSwBPhqJawOa5wCtKbu7ZECrmS26NvtSILynQ66cgkT/RJ4LidJOc3bUESwmU8g==}
    engines: {node: '>=0.10.0'}
    dependencies:
      loose-envify: 1.4.0
      object-assign: 4.1.1
      prop-types: 15.7.2
    dev: true

  /readdirp/3.6.0:
    resolution: {integrity: sha512-hOS089on8RduqdbhvQ5Z37A0ESjsqz6qnRcffsMU3495FuTdqSm+7bhJ29JvIOsBDEEnan5DPu9t3To9VRlMzA==}
    engines: {node: '>=8.10.0'}
    dependencies:
      picomatch: 2.3.0
    dev: true

  /regenerator-runtime/0.13.9:
    resolution: {integrity: sha512-p3VT+cOEgxFsRRA9X4lkI1E+k2/CtnKtU4gcxyaCUreilL/vqI6CdZ3wxVUx3UOUg+gnUOQQcRI7BmSI656MYA==}
    dev: true

  /require-relative/0.8.7:
    resolution: {integrity: sha1-eZlTn8ngR6N5KPoZb44VY9q9Nt4=}
    dev: true

  /requires-port/1.0.0:
    resolution: {integrity: sha1-kl0mAdOaxIXgkc8NpcbmlNw9yv8=}
    dev: true

  /resize-observer-polyfill/1.5.1:
    resolution: {integrity: sha512-LwZrotdHOo12nQuZlHEmtuXdqGoOD0OhaxopaNFxWzInpEgaLWoVuAMbTzixuosCx2nEG58ngzW3vxdWoxIgdg==}
    dev: true

  /resolve/1.20.0:
    resolution: {integrity: sha512-wENBPt4ySzg4ybFQW2TT1zMQucPK95HSh/nq2CFTZVOGut2+pQvSsgtda4d26YrYcr067wjbmzOG8byDPBX63A==}
    dependencies:
      is-core-module: 2.6.0
      path-parse: 1.0.7
    dev: true

  /rimraf/3.0.2:
    resolution: {integrity: sha512-JZkJMZkAGFFPP2YqXZXPbMlMBgsxzE8ILs4lMIX/2o0L9UBw9O/Y3o6wFw/i9YLapcUJWwqbi3kdxIPdC62TIA==}
    hasBin: true
    dependencies:
      glob: 7.1.7
    dev: true

  /rollup/2.56.3:
    resolution: {integrity: sha512-Au92NuznFklgQCUcV96iXlxUbHuB1vQMaH76DHl5M11TotjOHwqk9CwcrT78+Tnv4FN9uTBxq6p4EJoYkpyekg==}
    engines: {node: '>=10.0.0'}
    hasBin: true
    optionalDependencies:
      fsevents: 2.3.2
    dev: true

  /rust-result/1.0.0:
    resolution: {integrity: sha1-NMdbLm3Dn+WHXlveyFteD5FTb3I=}
    dependencies:
      individual: 2.0.0
    dev: true

  /safe-json-parse/4.0.0:
    resolution: {integrity: sha1-fA9XjPzNEtM6ccDgVBPi7KFx6qw=}
    dependencies:
      rust-result: 1.0.0
    dev: true

  /sass/1.38.1:
    resolution: {integrity: sha512-Lj8nPaSYOuRhgqdyShV50fY5jKnvaRmikUNalMPmbH+tKMGgEKVkltI/lP30PEfO2T1t6R9yc2QIBLgOc3uaFw==}
    engines: {node: '>=8.9.0'}
    hasBin: true
    dependencies:
      chokidar: 3.5.2
    dev: true

  /scheduler/0.19.1:
    resolution: {integrity: sha512-n/zwRWRYSUj0/3g/otKDRPMh6qv2SYMWNq85IEa8iZyAv8od9zDYpGSnpBEjNgcMNq6Scbu5KfIPxNF72R/2EA==}
    dependencies:
      loose-envify: 1.4.0
      object-assign: 4.1.1
    dev: true

  /seed-random/2.2.0:
    resolution: {integrity: sha1-KpsZ4lCoFwmSMaW5mk2vgLf77VQ=}
    dev: true

  /shebang-command/2.0.0:
    resolution: {integrity: sha512-kHxr2zZpYtdmrN1qDjrrX/Z1rR1kG8Dx+gkpK1G4eXmvXswmcE1hTWBWYUzlraYw1/yZp6YuDY77YtvbN0dmDA==}
    engines: {node: '>=8'}
    dependencies:
      shebang-regex: 3.0.0
    dev: true

  /shebang-regex/3.0.0:
    resolution: {integrity: sha512-7++dFhtcx3353uBaq8DDR4NuxBetBzC7ZQOhmTQInHEd6bSrXdiEyzCvG07Z44UYdLShWUyXt5M/yhz8ekcb1A==}
    engines: {node: '>=8'}
    dev: true

  /simple-swizzle/0.2.2:
    resolution: {integrity: sha1-pNprY1/8zMoz9w0Xy5JZLeleVXo=}
    dependencies:
      is-arrayish: 0.3.2
    dev: true

  /source-map-js/0.6.2:
    resolution: {integrity: sha512-/3GptzWzu0+0MBQFrDKzw/DvvMTUORvgY6k6jd/VS6iCR4RDTKWH6v6WPwQoUO8667uQEf9Oe38DxAYWY5F/Ug==}
    engines: {node: '>=0.10.0'}
    dev: true

  /sourcemap-codec/1.4.8:
    resolution: {integrity: sha512-9NykojV5Uih4lgo5So5dtw+f0JgJX30KCNI8gwhz2J9A15wD0Ml6tjHKwf6fTSa6fAdVBdZeNOs9eJ71qCk8vA==}
    dev: true

  /spark-md5/3.0.1:
    resolution: {integrity: sha512-0tF3AGSD1ppQeuffsLDIOWlKUd3lS92tFxcsrh5Pe3ZphhnoK+oXIBTzOAThZCiuINZLvpiLH/1VS1/ANEJVig==}
    dev: true

  /strict-uri-encode/1.1.0:
    resolution: {integrity: sha1-J5siXfHVgrH1TmWt3UNS4Y+qBxM=}
    engines: {node: '>=0.10.0'}
    dev: true

  /style-value-types/3.2.0:
    resolution: {integrity: sha512-ih0mGsrYYmVvdDi++/66O6BaQPRPRMQHoZevNNdMMcPlP/cH28Rnfsqf1UEba/Bwfuw9T8BmIMwbGdzsPwQKrQ==}
    dependencies:
      hey-listen: 1.0.8
      tslib: 1.14.1
    dev: true

  /stylefire/7.0.3:
    resolution: {integrity: sha512-Q0l7NSeFz/OkX+o6/7Zg3VZxSAZeQzQpYomWmIpOehFM/rJNMSLVX5fgg6Q48ut2ETNKwdhm97mPNU643EBCoQ==}
    dependencies:
      '@popmotion/popcorn': 0.4.4
      framesync: 4.1.0
      hey-listen: 1.0.8
      style-value-types: 3.2.0
      tslib: 1.14.1
    dev: true

  /svelte-hmr/0.14.7_svelte@3.42.3:
    resolution: {integrity: sha512-pDrzgcWSoMaK6AJkBWkmgIsecW0GChxYZSZieIYfCP0v2oPyx2CYU/zm7TBIcjLVUPP714WxmViE9Thht4etog==}
    peerDependencies:
      svelte: '>=3.19.0'
    dependencies:
      svelte: 3.42.3
    dev: true

  /svelte/3.42.3:
    resolution: {integrity: sha512-pbdtdNZEx2GBqSM6XEgPoHbwtvWBwFLt/1bRmzsyXZO+i424wFnPe7O5B3GOJDPFSxPRztumAW3mL5LPzecWUg==}
    engines: {node: '>= 8'}
    dev: true

  /textarea-caret-ts/4.1.1:
    resolution: {integrity: sha512-kEL3aQ99r8jJR2RfB6g74LEzrt9NTXkyjPvvP3vzhNkQ+zAaXitKCq8BUEueepULWCCxtpRaRjtnYHaR45FDMg==}
    dev: true

  /tiny-emitter/2.1.0:
    resolution: {integrity: sha512-NB6Dk1A9xgQPMoGqC5CVXn123gWyte215ONT5Pp5a0yt4nlEoO1ZWeCwpncaekPHXO60i47ihFnZPiRPjRMq4Q==}
    dev: true

  /to-regex-range/5.0.1:
    resolution: {integrity: sha512-65P7iz6X5yEr1cwcgvQxbbIw7Uk3gOy5dIdtZ4rDveLqhrdJP+Li/Hx6tyK0NEb+2GCyneCMJiGqrADCSNk8sQ==}
    engines: {node: '>=8.0'}
    dependencies:
      is-number: 7.0.0
    dev: true

  /tslib/1.14.1:
    resolution: {integrity: sha512-Xni35NKzjgMrwevysHTCArtLDpPvye8zV/0E4EyYn43P7/7qvQwPh9BGkHewbMulVntbigmcT7rdX3BNo9wRJg==}
    dev: true

  /typed-function/1.1.1:
    resolution: {integrity: sha512-RbN7MaTQBZLJYzDENHPA0nUmWT0Ex80KHItprrgbTPufYhIlTePvCXZxyQK7wgn19FW5bnuaBIKcBb5mRWjB1Q==}
    engines: {node: '>= 6'}
    dev: true

  /typescript/4.3.5:
    resolution: {integrity: sha512-DqQgihaQ9cUrskJo9kIyW/+g0Vxsk8cDtZ52a3NGh0YNTfpUSArXSohyUGnvbPazEPLu398C0UxmKSOrPumUzA==}
    engines: {node: '>=4.2.0'}
    hasBin: true
    dev: true

  /url-parse/1.5.3:
    resolution: {integrity: sha512-IIORyIQD9rvj0A4CLWsHkBBJuNqWpFQe224b6j9t/ABmquIS0qDU2pY6kl6AuOrL5OkCXHMCFNe1jBcuAggjvQ==}
    dependencies:
      querystringify: 2.2.0
      requires-port: 1.0.0
    dev: true

  /url-polyfill/1.1.12:
    resolution: {integrity: sha512-mYFmBHCapZjtcNHW0MDq9967t+z4Dmg5CJ0KqysK3+ZbyoNOWQHksGCTWwDhxGXllkWlOc10Xfko6v4a3ucM6A==}
    dev: true

  /url-toolkit/2.2.3:
    resolution: {integrity: sha512-Da75SQoxsZ+2wXS56CZBrj2nukQ4nlGUZUP/dqUBG5E1su5GKThgT94Q00x81eVII7AyS1Pn+CtTTZ4Z0pLUtQ==}
    dev: true

  /uuid/7.0.3:
    resolution: {integrity: sha512-DPSke0pXhTZgoF/d+WSt2QaKMCFSfx7QegxEWT+JOuHF5aWrKEn0G+ztjuJg/gG8/ItK+rbPCD/yNv8yyih6Cg==}
    hasBin: true
    dev: true

  /vanilla-lazyload/17.4.0:
    resolution: {integrity: sha512-4IVX93uLEgQGBdSCaSE1XJgeNNT1+sV8PKiImM21EkDGJBH3tTWL9wYrMA4xT5C2EIEfw8WkinUxUG+uMY2ZyA==}

  /video.js/7.14.3:
    resolution: {integrity: sha512-6avCdSIfn5ss5NOgoQfY/xEfPNcz9DXSw+ZN80NwPguCdRd4VL4y40b/d7osYJwyCdF+YkvhqAW7dw4s0vBigg==}
    dependencies:
      '@babel/runtime': 7.15.3
      '@videojs/http-streaming': 2.9.2
      '@videojs/vhs-utils': 3.0.3
      '@videojs/xhr': 2.5.1
      aes-decrypter: 3.1.2
      global: 4.4.0
      keycode: 2.2.0
      m3u8-parser: 4.7.0
      mpd-parser: 0.17.0
      mux.js: 5.12.2
      safe-json-parse: 4.0.0
      videojs-font: 3.2.0
      videojs-vtt.js: 0.15.3
    dev: true

  /videojs-font/3.2.0:
    resolution: {integrity: sha512-g8vHMKK2/JGorSfqAZQUmYYNnXmfec4MLhwtEFS+mMs2IDY398GLysy6BH6K+aS1KMNu/xWZ8Sue/X/mdQPliA==}
    dev: true

  /videojs-vtt.js/0.15.3:
    resolution: {integrity: sha512-5FvVsICuMRx6Hd7H/Y9s9GDeEtYcXQWzGMS+sl4UX3t/zoHp3y+isSfIPRochnTH7h+Bh1ILyC639xy9Z6kPag==}
    dependencies:
      global: 4.4.0
    dev: true

  /vite/2.5.1:
    resolution: {integrity: sha512-FwmLbbz8MB1pBs9dKoRDgpiqoijif8hSK1+NNUYc12/cnf+pM2UFhhQ1rcpXgbMhm/5c2USZdVAf0FSkSxaFDA==}
    engines: {node: '>=12.2.0'}
    hasBin: true
    dependencies:
      esbuild: 0.12.22
      postcss: 8.3.6
      resolve: 1.20.0
      rollup: 2.56.3
    optionalDependencies:
      fsevents: 2.3.2
    dev: true

  /which/2.0.2:
    resolution: {integrity: sha512-BLI3Tl1TW3Pvl70l3yq3Y64i+awpwXqsGBYWkkqMtnbXgrMD+yj7rhW0kuEDxzJaYXGjEW5ogapKNMEKNMjibA==}
    engines: {node: '>= 8'}
    hasBin: true
    dependencies:
      isexe: 2.0.0
    dev: true

  /white-web-sdk/2.13.18:
    resolution: {integrity: sha512-+6bifhfIY5HSO/12E5oB8eaemLN+GNqUPsj+AZMQhF/ER4B0d7OGX05FDsgEL0AGNVMa48Gsa7SjvokU3PauNQ==}
    dependencies:
      '@netless/canvas-polyfill': 0.0.4
      '@netless/xml-js': 1.6.15
      atob: 2.1.2
      bezier-js: 2.6.1
      color: 3.2.1
      core-js: 3.16.2
      detect-it: 3.0.7
      eventemitter3: 4.0.7
      mathjs: 6.6.5
      mobx: 4.15.7
      mobx-react: 5.4.4_mobx@4.15.7+react@16.14.0
      numeric: 1.2.6
      protobufjs: 6.11.2
      query-string: 5.1.1
      react: 16.14.0
      react-dom: 16.14.0_react@16.14.0
      resize-observer-polyfill: 1.5.1
      spark-md5: 3.0.1
      textarea-caret-ts: 4.1.1
      url-parse: 1.5.3
      uuid: 7.0.3
    dev: true

  /wrappy/1.0.2:
    resolution: {integrity: sha1-tSQ9jz7BqjXxNkYFvA0QNuMKtp8=}
    dev: true

  /xmldom/0.5.0:
    resolution: {integrity: sha512-Foaj5FXVzgn7xFzsKeNIde9g6aFBxTPi37iwsno8QvApmtg7KYrr+OPyRHcJF7dud2a5nGRBXK3n0dL62Gf7PA==}
    engines: {node: '>=10.0.0'}
    dev: true
